
Microsoft Visual Studio Solution File, Format Version 12.00
# Visual Studio Version 16
VisualStudioVersion = 16.0.31025.218
MinimumVisualStudioVersion = 10.0.40219.1
Project("{FAE04EC0-301F-11D3-BF4B-00C04F79EFBC}") = "core5", "core5\core5.csproj", "{243D875F-F98C-4EDE-9551-E7CF800175D6}"
EndProject
Global
	GlobalSection(SolutionConfigurationPlatforms) = preSolution
		Debug|Any CPU = Debug|Any CPU
		Release|Any CPU = Release|Any CPU
	EndGlobalSection
	GlobalSection(ProjectConfigurationPlatforms) = postSolution
		{243D875F-F98C-4EDE-9551-E7CF800175D6}.Debug|Any CPU.ActiveCfg = Debug|Any CPU
		{243D875F-F98C-4EDE-9551-E7CF800175D6}.Debug|Any CPU.Build.0 = Debug|Any CPU
		{243D875F-F98C-4EDE-9551-E7CF800175D6}.Release|Any CPU.ActiveCfg = Release|Any CPU
		{243D875F-F98C-4EDE-9551-E7CF800175D6}.Release|Any CPU.Build.0 = Release|Any CPU
	EndGlobalSection
	GlobalSection(SolutionProperties) = preSolution
		HideSolutionNode = FALSE
	EndGlobalSection
	GlobalSection(ExtensibilityGlobals) = postSolution
		SolutionGuid = {CAF2009A-A074-497E-B8BB-21D11FC54790}
	EndGlobalSection
EndGlobal
